// !$*UTF8*$!
{
	archiveVersion = 1;
	classes = {
	};
	objectVersion = 56;
	objects = {

/* Begin PBXBuildFile section */
		37B965462AB96F5D00443E61 /* CombineCorePracticeApp.swift in Sources */ = {isa = PBXBuildFile; fileRef = 37B965452AB96F5D00443E61 /* CombineCorePracticeApp.swift */; };
		37B965482AB96F5D00443E61 /* ContentView.swift in Sources */ = {isa = PBXBuildFile; fileRef = 37B965472AB96F5D00443E61 /* ContentView.swift */; };
		37B9654A2AB96F5E00443E61 /* Assets.xcassets in Resources */ = {isa = PBXBuildFile; fileRef = 37B965492AB96F5E00443E61 /* Assets.xcassets */; };
		37B9654D2AB96F5E00443E61 /* Preview Assets.xcassets in Resources */ = {isa = PBXBuildFile; fileRef = 37B9654C2AB96F5E00443E61 /* Preview Assets.xcassets */; };
		37B965552AB970A700443E61 /* LocationManager.swift in Sources */ = {isa = PBXBuildFile; fileRef = 37B965542AB970A700443E61 /* LocationManager.swift */; };
		37B965582AB972FF00443E61 /* CombineLocationVM.swift in Sources */ = {isa = PBXBuildFile; fileRef = 37B965572AB972FF00443E61 /* CombineLocationVM.swift */; };
		37B9655B2AB976F900443E61 /* Optional+CLLocation.swift in Sources */ = {isa = PBXBuildFile; fileRef = 37B9655A2AB976F900443E61 /* Optional+CLLocation.swift */; };
		37B9655F2AB9860300443E61 /* CombineLocationView.swift in Sources */ = {isa = PBXBuildFile; fileRef = 37B9655E2AB9860300443E61 /* CombineLocationView.swift */; };
		37B965622AB986BC00443E61 /* StopWatchVM.swift in Sources */ = {isa = PBXBuildFile; fileRef = 37B965612AB986BC00443E61 /* StopWatchVM.swift */; };
		37B965642AB9887F00443E61 /* CancellableSet.swift in Sources */ = {isa = PBXBuildFile; fileRef = 37B965632AB9887F00443E61 /* CancellableSet.swift */; };
		37B965662AB98A1900443E61 /* StopWatchView.swift in Sources */ = {isa = PBXBuildFile; fileRef = 37B965652AB98A1900443E61 /* StopWatchView.swift */; };
		37B965682AB98BC800443E61 /* Int.swift in Sources */ = {isa = PBXBuildFile; fileRef = 37B965672AB98BC800443E61 /* Int.swift */; };
		37B9656A2AB98FA500443E61 /* SignupVM.swift in Sources */ = {isa = PBXBuildFile; fileRef = 37B965692AB98FA500443E61 /* SignupVM.swift */; };
		37B9656C2AB9932600443E61 /* String.swift in Sources */ = {isa = PBXBuildFile; fileRef = 37B9656B2AB9932600443E61 /* String.swift */; };
		37B9656F2AB996D200443E61 /* SignupViewStyles.swift in Sources */ = {isa = PBXBuildFile; fileRef = 37B9656E2AB996D200443E61 /* SignupViewStyles.swift */; };
		37B965712AB997D000443E61 /* SignupView.swift in Sources */ = {isa = PBXBuildFile; fileRef = 37B965702AB997D000443E61 /* SignupView.swift */; };
		37B965742AB9A1DA00443E61 /* Weather.swift in Sources */ = {isa = PBXBuildFile; fileRef = 37B965732AB9A1DA00443E61 /* Weather.swift */; };
		37B965762AB9A45800443E61 /* WeatherService.swift in Sources */ = {isa = PBXBuildFile; fileRef = 37B965752AB9A45800443E61 /* WeatherService.swift */; };
		37B965782AB9A75800443E61 /* Double.swift in Sources */ = {isa = PBXBuildFile; fileRef = 37B965772AB9A75800443E61 /* Double.swift */; };
		37B9657A2AB9A92E00443E61 /* WeatherView.swift in Sources */ = {isa = PBXBuildFile; fileRef = 37B965792AB9A92E00443E61 /* WeatherView.swift */; };
/* End PBXBuildFile section */

/* Begin PBXFileReference section */
		37B965422AB96F5D00443E61 /* CombineCorePractice.app */ = {isa = PBXFileReference; explicitFileType = wrapper.application; includeInIndex = 0; path = CombineCorePractice.app; sourceTree = BUILT_PRODUCTS_DIR; };
		37B965452AB96F5D00443E61 /* CombineCorePracticeApp.swift */ = {isa = PBXFileReference; lastKnownFileType = sourcecode.swift; path = CombineCorePracticeApp.swift; sourceTree = "<group>"; };
		37B965472AB96F5D00443E61 /* ContentView.swift */ = {isa = PBXFileReference; lastKnownFileType = sourcecode.swift; path = ContentView.swift; sourceTree = "<group>"; };
		37B965492AB96F5E00443E61 /* Assets.xcassets */ = {isa = PBXFileReference; lastKnownFileType = folder.assetcatalog; path = Assets.xcassets; sourceTree = "<group>"; };
		37B9654C2AB96F5E00443E61 /* Preview Assets.xcassets */ = {isa = PBXFileReference; lastKnownFileType = folder.assetcatalog; path = "Preview Assets.xcassets"; sourceTree = "<group>"; };
		37B965532AB9703000443E61 /* Info.plist */ = {isa = PBXFileReference; lastKnownFileType = text.plist.xml; path = Info.plist; sourceTree = "<group>"; };
		37B965542AB970A700443E61 /* LocationManager.swift */ = {isa = PBXFileReference; lastKnownFileType = sourcecode.swift; path = LocationManager.swift; sourceTree = "<group>"; };
		37B965572AB972FF00443E61 /* CombineLocationVM.swift */ = {isa = PBXFileReference; lastKnownFileType = sourcecode.swift; path = CombineLocationVM.swift; sourceTree = "<group>"; };
		37B9655A2AB976F900443E61 /* Optional+CLLocation.swift */ = {isa = PBXFileReference; lastKnownFileType = sourcecode.swift; path = "Optional+CLLocation.swift"; sourceTree = "<group>"; };
		37B9655E2AB9860300443E61 /* CombineLocationView.swift */ = {isa = PBXFileReference; lastKnownFileType = sourcecode.swift; path = CombineLocationView.swift; sourceTree = "<group>"; };
		37B965612AB986BC00443E61 /* StopWatchVM.swift */ = {isa = PBXFileReference; lastKnownFileType = sourcecode.swift; path = StopWatchVM.swift; sourceTree = "<group>"; };
		37B965632AB9887F00443E61 /* CancellableSet.swift */ = {isa = PBXFileReference; lastKnownFileType = sourcecode.swift; path = CancellableSet.swift; sourceTree = "<group>"; };
		37B965652AB98A1900443E61 /* StopWatchView.swift */ = {isa = PBXFileReference; lastKnownFileType = sourcecode.swift; path = StopWatchView.swift; sourceTree = "<group>"; };
		37B965672AB98BC800443E61 /* Int.swift */ = {isa = PBXFileReference; lastKnownFileType = sourcecode.swift; path = Int.swift; sourceTree = "<group>"; };
		37B965692AB98FA500443E61 /* SignupVM.swift */ = {isa = PBXFileReference; lastKnownFileType = sourcecode.swift; path = SignupVM.swift; sourceTree = "<group>"; };
		37B9656B2AB9932600443E61 /* String.swift */ = {isa = PBXFileReference; lastKnownFileType = sourcecode.swift; path = String.swift; sourceTree = "<group>"; };
		37B9656E2AB996D200443E61 /* SignupViewStyles.swift */ = {isa = PBXFileReference; lastKnownFileType = sourcecode.swift; path = SignupViewStyles.swift; sourceTree = "<group>"; };
		37B965702AB997D000443E61 /* SignupView.swift */ = {isa = PBXFileReference; lastKnownFileType = sourcecode.swift; path = SignupView.swift; sourceTree = "<group>"; };
		37B965732AB9A1DA00443E61 /* Weather.swift */ = {isa = PBXFileReference; lastKnownFileType = sourcecode.swift; path = Weather.swift; sourceTree = "<group>"; };
		37B965752AB9A45800443E61 /* WeatherService.swift */ = {isa = PBXFileReference; lastKnownFileType = sourcecode.swift; path = WeatherService.swift; sourceTree = "<group>"; };
		37B965772AB9A75800443E61 /* Double.swift */ = {isa = PBXFileReference; lastKnownFileType = sourcecode.swift; path = Double.swift; sourceTree = "<group>"; };
		37B965792AB9A92E00443E61 /* WeatherView.swift */ = {isa = PBXFileReference; lastKnownFileType = sourcecode.swift; path = WeatherView.swift; sourceTree = "<group>"; };
/* End PBXFileReference section */

/* Begin PBXFrameworksBuildPhase section */
		37B9653F2AB96F5D00443E61 /* Frameworks */ = {
			isa = PBXFrameworksBuildPhase;
			buildActionMask = 2147483647;
			files = (
			);
			runOnlyForDeploymentPostprocessing = 0;
		};
/* End PBXFrameworksBuildPhase section */

/* Begin PBXGroup section */
		37B965392AB96F5D00443E61 = {
			isa = PBXGroup;
			children = (
				37B965442AB96F5D00443E61 /* CombineCorePractice */,
				37B965432AB96F5D00443E61 /* Products */,
			);
			sourceTree = "<group>";
		};
		37B965432AB96F5D00443E61 /* Products */ = {
			isa = PBXGroup;
			children = (
				37B965422AB96F5D00443E61 /* CombineCorePractice.app */,
			);
			name = Products;
			sourceTree = "<group>";
		};
		37B965442AB96F5D00443E61 /* CombineCorePractice */ = {
			isa = PBXGroup;
			children = (
				37B965532AB9703000443E61 /* Info.plist */,
				37B9656D2AB996A700443E61 /* Styles */,
				37B965592AB976DF00443E61 /* Extensions */,
				37B9655C2AB985CC00443E61 /* Managers */,
				37B9655D2AB985E400443E61 /* Views */,
				37B965602AB9862500443E61 /* ViewModels */,
				37B965722AB9A19C00443E61 /* Models */,
				37B965452AB96F5D00443E61 /* CombineCorePracticeApp.swift */,
				37B965472AB96F5D00443E61 /* ContentView.swift */,
				37B965492AB96F5E00443E61 /* Assets.xcassets */,
				37B9654B2AB96F5E00443E61 /* Preview Content */,
			);
			path = CombineCorePractice;
			sourceTree = "<group>";
		};
		37B9654B2AB96F5E00443E61 /* Preview Content */ = {
			isa = PBXGroup;
			children = (
				37B9654C2AB96F5E00443E61 /* Preview Assets.xcassets */,
			);
			path = "Preview Content";
			sourceTree = "<group>";
		};
		37B965592AB976DF00443E61 /* Extensions */ = {
			isa = PBXGroup;
			children = (
				37B9655A2AB976F900443E61 /* Optional+CLLocation.swift */,
				37B965632AB9887F00443E61 /* CancellableSet.swift */,
				37B965672AB98BC800443E61 /* Int.swift */,
				37B9656B2AB9932600443E61 /* String.swift */,
				37B965772AB9A75800443E61 /* Double.swift */,
			);
			path = Extensions;
			sourceTree = "<group>";
		};
		37B9655C2AB985CC00443E61 /* Managers */ = {
			isa = PBXGroup;
			children = (
				37B965752AB9A45800443E61 /* WeatherService.swift */,
				37B965542AB970A700443E61 /* LocationManager.swift */,
			);
			path = Managers;
			sourceTree = "<group>";
		};
		37B9655D2AB985E400443E61 /* Views */ = {
			isa = PBXGroup;
			children = (
				37B9655E2AB9860300443E61 /* CombineLocationView.swift */,
				37B965652AB98A1900443E61 /* StopWatchView.swift */,
				37B965702AB997D000443E61 /* SignupView.swift */,
				37B965792AB9A92E00443E61 /* WeatherView.swift */,
			);
			path = Views;
			sourceTree = "<group>";
		};
		37B965602AB9862500443E61 /* ViewModels */ = {
			isa = PBXGroup;
			children = (
				37B965572AB972FF00443E61 /* CombineLocationVM.swift */,
				37B965612AB986BC00443E61 /* StopWatchVM.swift */,
				37B965692AB98FA500443E61 /* SignupVM.swift */,
			);
			path = ViewModels;
			sourceTree = "<group>";
		};
		37B9656D2AB996A700443E61 /* Styles */ = {
			isa = PBXGroup;
			children = (
				37B9656E2AB996D200443E61 /* SignupViewStyles.swift */,
			);
			path = Styles;
			sourceTree = "<group>";
		};
		37B965722AB9A19C00443E61 /* Models */ = {
			isa = PBXGroup;
			children = (
				37B965732AB9A1DA00443E61 /* Weather.swift */,
			);
			path = Models;
			sourceTree = "<group>";
		};
/* End PBXGroup section */

/* Begin PBXNativeTarget section */
		37B965412AB96F5D00443E61 /* CombineCorePractice */ = {
			isa = PBXNativeTarget;
			buildConfigurationList = 37B965502AB96F5E00443E61 /* Build configuration list for PBXNativeTarget "CombineCorePractice" */;
			buildPhases = (
				37B9653E2AB96F5D00443E61 /* Sources */,
				37B9653F2AB96F5D00443E61 /* Frameworks */,
				37B965402AB96F5D00443E61 /* Resources */,
			);
			buildRules = (
			);
			dependencies = (
			);
			name = CombineCorePractice;
			productName = CombineCorePractice;
			productReference = 37B965422AB96F5D00443E61 /* CombineCorePractice.app */;
			productType = "com.apple.product-type.application";
		};
/* End PBXNativeTarget section */

/* Begin PBXProject section */
		37B9653A2AB96F5D00443E61 /* Project object */ = {
			isa = PBXProject;
			attributes = {
				BuildIndependentTargetsInParallel = 1;
				LastSwiftUpdateCheck = 1500;
				LastUpgradeCheck = 1500;
				TargetAttributes = {
					37B965412AB96F5D00443E61 = {
						CreatedOnToolsVersion = 15.0;
					};
				};
			};
			buildConfigurationList = 37B9653D2AB96F5D00443E61 /* Build configuration list for PBXProject "CombineCorePractice" */;
			compatibilityVersion = "Xcode 14.0";
			developmentRegion = en;
			hasScannedForEncodings = 0;
			knownRegions = (
				en,
				Base,
			);
			mainGroup = 37B965392AB96F5D00443E61;
			productRefGroup = 37B965432AB96F5D00443E61 /* Products */;
			projectDirPath = "";
			projectRoot = "";
			targets = (
				37B965412AB96F5D00443E61 /* CombineCorePractice */,
			);
		};
/* End PBXProject section */

/* Begin PBXResourcesBuildPhase section */
		37B965402AB96F5D00443E61 /* Resources */ = {
			isa = PBXResourcesBuildPhase;
			buildActionMask = 2147483647;
			files = (
				37B9654D2AB96F5E00443E61 /* Preview Assets.xcassets in Resources */,
				37B9654A2AB96F5E00443E61 /* Assets.xcassets in Resources */,
			);
			runOnlyForDeploymentPostprocessing = 0;
		};
/* End PBXResourcesBuildPhase section */

/* Begin PBXSourcesBuildPhase section */
		37B9653E2AB96F5D00443E61 /* Sources */ = {
			isa = PBXSourcesBuildPhase;
			buildActionMask = 2147483647;
			files = (
				37B965782AB9A75800443E61 /* Double.swift in Sources */,
				37B965712AB997D000443E61 /* SignupView.swift in Sources */,
				37B9655B2AB976F900443E61 /* Optional+CLLocation.swift in Sources */,
				37B9657A2AB9A92E00443E61 /* WeatherView.swift in Sources */,
				37B965642AB9887F00443E61 /* CancellableSet.swift in Sources */,
				37B9655F2AB9860300443E61 /* CombineLocationView.swift in Sources */,
				37B965742AB9A1DA00443E61 /* Weather.swift in Sources */,
				37B965662AB98A1900443E61 /* StopWatchView.swift in Sources */,
				37B965622AB986BC00443E61 /* StopWatchVM.swift in Sources */,
				37B965482AB96F5D00443E61 /* ContentView.swift in Sources */,
				37B9656C2AB9932600443E61 /* String.swift in Sources */,
				37B9656F2AB996D200443E61 /* SignupViewStyles.swift in Sources */,
				37B9656A2AB98FA500443E61 /* SignupVM.swift in Sources */,
				37B965462AB96F5D00443E61 /* CombineCorePracticeApp.swift in Sources */,
				37B965682AB98BC800443E61 /* Int.swift in Sources */,
				37B965762AB9A45800443E61 /* WeatherService.swift in Sources */,
				37B965552AB970A700443E61 /* LocationManager.swift in Sources */,
				37B965582AB972FF00443E61 /* CombineLocationVM.swift in Sources */,
			);
			runOnlyForDeploymentPostprocessing = 0;
		};
/* End PBXSourcesBuildPhase section */

/* Begin XCBuildConfiguration section */
		37B9654E2AB96F5E00443E61 /* Debug */ = {
			isa = XCBuildConfiguration;
			buildSettings = {
				ALWAYS_SEARCH_USER_PATHS = NO;
				ASSETCATALOG_COMPILER_GENERATE_SWIFT_ASSET_SYMBOL_EXTENSIONS = YES;
				CLANG_ANALYZER_NONNULL = YES;
				CLANG_ANALYZER_NUMBER_OBJECT_CONVERSION = YES_AGGRESSIVE;
				CLANG_CXX_LANGUAGE_STANDARD = "gnu++20";
				CLANG_ENABLE_MODULES = YES;
				CLANG_ENABLE_OBJC_ARC = YES;
				CLANG_ENABLE_OBJC_WEAK = YES;
				CLANG_WARN_BLOCK_CAPTURE_AUTORELEASING = YES;
				CLANG_WARN_BOOL_CONVERSION = YES;
				CLANG_WARN_COMMA = YES;
				CLANG_WARN_CONSTANT_CONVERSION = YES;
				CLANG_WARN_DEPRECATED_OBJC_IMPLEMENTATIONS = YES;
				CLANG_WARN_DIRECT_OBJC_ISA_USAGE = YES_ERROR;
				CLANG_WARN_DOCUMENTATION_COMMENTS = YES;
				CLANG_WARN_EMPTY_BODY = YES;
				CLANG_WARN_ENUM_CONVERSION = YES;
				CLANG_WARN_INFINITE_RECURSION = YES;
				CLANG_WARN_INT_CONVERSION = YES;
				CLANG_WARN_NON_LITERAL_NULL_CONVERSION = YES;
				CLANG_WARN_OBJC_IMPLICIT_RETAIN_SELF = YES;
				CLANG_WARN_OBJC_LITERAL_CONVERSION = YES;
				CLANG_WARN_OBJC_ROOT_CLASS = YES_ERROR;
				CLANG_WARN_QUOTED_INCLUDE_IN_FRAMEWORK_HEADER = YES;
				CLANG_WARN_RANGE_LOOP_ANALYSIS = YES;
				CLANG_WARN_STRICT_PROTOTYPES = YES;
				CLANG_WARN_SUSPICIOUS_MOVE = YES;
				CLANG_WARN_UNGUARDED_AVAILABILITY = YES_AGGRESSIVE;
				CLANG_WARN_UNREACHABLE_CODE = YES;
				CLANG_WARN__DUPLICATE_METHOD_MATCH = YES;
				COPY_PHASE_STRIP = NO;
				DEBUG_INFORMATION_FORMAT = dwarf;
				ENABLE_STRICT_OBJC_MSGSEND = YES;
				ENABLE_TESTABILITY = YES;
				ENABLE_USER_SCRIPT_SANDBOXING = YES;
				GCC_C_LANGUAGE_STANDARD = gnu17;
				GCC_DYNAMIC_NO_PIC = NO;
				GCC_NO_COMMON_BLOCKS = YES;
				GCC_OPTIMIZATION_LEVEL = 0;
				GCC_PREPROCESSOR_DEFINITIONS = (
					"DEBUG=1",
					"$(inherited)",
				);
				GCC_WARN_64_TO_32_BIT_CONVERSION = YES;
				GCC_WARN_ABOUT_RETURN_TYPE = YES_ERROR;
				GCC_WARN_UNDECLARED_SELECTOR = YES;
				GCC_WARN_UNINITIALIZED_AUTOS = YES_AGGRESSIVE;
				GCC_WARN_UNUSED_FUNCTION = YES;
				GCC_WARN_UNUSED_VARIABLE = YES;
				IPHONEOS_DEPLOYMENT_TARGET = 17.0;
				LOCALIZATION_PREFERS_STRING_CATALOGS = YES;
				MTL_ENABLE_DEBUG_INFO = INCLUDE_SOURCE;
				MTL_FAST_MATH = YES;
				ONLY_ACTIVE_ARCH = YES;
				SDKROOT = iphoneos;
				SWIFT_ACTIVE_COMPILATION_CONDITIONS = "DEBUG $(inherited)";
				SWIFT_OPTIMIZATION_LEVEL = "-Onone";
			};
			name = Debug;
		};
		37B9654F2AB96F5E00443E61 /* Release */ = {
			isa = XCBuildConfiguration;
			buildSettings = {
				ALWAYS_SEARCH_USER_PATHS = NO;
				ASSETCATALOG_COMPILER_GENERATE_SWIFT_ASSET_SYMBOL_EXTENSIONS = YES;
				CLANG_ANALYZER_NONNULL = YES;
				CLANG_ANALYZER_NUMBER_OBJECT_CONVERSION = YES_AGGRESSIVE;
				CLANG_CXX_LANGUAGE_STANDARD = "gnu++20";
				CLANG_ENABLE_MODULES = YES;
				CLANG_ENABLE_OBJC_ARC = YES;
				CLANG_ENABLE_OBJC_WEAK = YES;
				CLANG_WARN_BLOCK_CAPTURE_AUTORELEASING = YES;
				CLANG_WARN_BOOL_CONVERSION = YES;
				CLANG_WARN_COMMA = YES;
				CLANG_WARN_CONSTANT_CONVERSION = YES;
				CLANG_WARN_DEPRECATED_OBJC_IMPLEMENTATIONS = YES;
				CLANG_WARN_DIRECT_OBJC_ISA_USAGE = YES_ERROR;
				CLANG_WARN_DOCUMENTATION_COMMENTS = YES;
				CLANG_WARN_EMPTY_BODY = YES;
				CLANG_WARN_ENUM_CONVERSION = YES;
				CLANG_WARN_INFINITE_RECURSION = YES;
				CLANG_WARN_INT_CONVERSION = YES;
				CLANG_WARN_NON_LITERAL_NULL_CONVERSION = YES;
				CLANG_WARN_OBJC_IMPLICIT_RETAIN_SELF = YES;
				CLANG_WARN_OBJC_LITERAL_CONVERSION = YES;
				CLANG_WARN_OBJC_ROOT_CLASS = YES_ERROR;
				CLANG_WARN_QUOTED_INCLUDE_IN_FRAMEWORK_HEADER = YES;
				CLANG_WARN_RANGE_LOOP_ANALYSIS = YES;
				CLANG_WARN_STRICT_PROTOTYPES = YES;
				CLANG_WARN_SUSPICIOUS_MOVE = YES;
				CLANG_WARN_UNGUARDED_AVAILABILITY = YES_AGGRESSIVE;
				CLANG_WARN_UNREACHABLE_CODE = YES;
				CLANG_WARN__DUPLICATE_METHOD_MATCH = YES;
				COPY_PHASE_STRIP = NO;
				DEBUG_INFORMATION_FORMAT = "dwarf-with-dsym";
				ENABLE_NS_ASSERTIONS = NO;
				ENABLE_STRICT_OBJC_MSGSEND = YES;
				ENABLE_USER_SCRIPT_SANDBOXING = YES;
				GCC_C_LANGUAGE_STANDARD = gnu17;
				GCC_NO_COMMON_BLOCKS = YES;
				GCC_WARN_64_TO_32_BIT_CONVERSION = YES;
				GCC_WARN_ABOUT_RETURN_TYPE = YES_ERROR;
				GCC_WARN_UNDECLARED_SELECTOR = YES;
				GCC_WARN_UNINITIALIZED_AUTOS = YES_AGGRESSIVE;
				GCC_WARN_UNUSED_FUNCTION = YES;
				GCC_WARN_UNUSED_VARIABLE = YES;
				IPHONEOS_DEPLOYMENT_TARGET = 17.0;
				LOCALIZATION_PREFERS_STRING_CATALOGS = YES;
				MTL_ENABLE_DEBUG_INFO = NO;
				MTL_FAST_MATH = YES;
				SDKROOT = iphoneos;
				SWIFT_COMPILATION_MODE = wholemodule;
				VALIDATE_PRODUCT = YES;
			};
			name = Release;
		};
		37B965512AB96F5E00443E61 /* Debug */ = {
			isa = XCBuildConfiguration;
			buildSettings = {
				ASSETCATALOG_COMPILER_APPICON_NAME = AppIcon;
				ASSETCATALOG_COMPILER_GLOBAL_ACCENT_COLOR_NAME = AccentColor;
				CODE_SIGN_STYLE = Automatic;
				CURRENT_PROJECT_VERSION = 1;
				DEVELOPMENT_ASSET_PATHS = "\"CombineCorePractice/Preview Content\"";
				DEVELOPMENT_TEAM = 2DK3287EQX;
				ENABLE_PREVIEWS = YES;
				GENERATE_INFOPLIST_FILE = YES;
				INFOPLIST_FILE = CombineCorePractice/Info.plist;
				INFOPLIST_KEY_NSLocationWhenInUseUsageDescription = "Enable Location Services";
				INFOPLIST_KEY_UIApplicationSceneManifest_Generation = YES;
				INFOPLIST_KEY_UIApplicationSupportsIndirectInputEvents = YES;
				INFOPLIST_KEY_UILaunchScreen_Generation = YES;
				INFOPLIST_KEY_UISupportedInterfaceOrientations_iPad = "UIInterfaceOrientationPortrait UIInterfaceOrientationPortraitUpsideDown UIInterfaceOrientationLandscapeLeft UIInterfaceOrientationLandscapeRight";
				INFOPLIST_KEY_UISupportedInterfaceOrientations_iPhone = "UIInterfaceOrientationPortrait UIInterfaceOrientationLandscapeLeft UIInterfaceOrientationLandscapeRight";
				LD_RUNPATH_SEARCH_PATHS = (
					"$(inherited)",
					"@executable_path/Frameworks",
				);
				MARKETING_VERSION = 1.0;
				PRODUCT_BUNDLE_IDENTIFIER = io.mooresolutions.CombineCorePractice;
				PRODUCT_NAME = "$(TARGET_NAME)";
				SWIFT_EMIT_LOC_STRINGS = YES;
				SWIFT_VERSION = 5.0;
				TARGETED_DEVICE_FAMILY = "1,2";
			};
			name = Debug;
		};
		37B965522AB96F5E00443E61 /* Release */ = {
			isa = XCBuildConfiguration;
			buildSettings = {
				ASSETCATALOG_COMPILER_APPICON_NAME = AppIcon;
				ASSETCATALOG_COMPILER_GLOBAL_ACCENT_COLOR_NAME = AccentColor;
				CODE_SIGN_STYLE = Automatic;
				CURRENT_PROJECT_VERSION = 1;
				DEVELOPMENT_ASSET_PATHS = "\"CombineCorePractice/Preview Content\"";
				DEVELOPMENT_TEAM = 2DK3287EQX;
				ENABLE_PREVIEWS = YES;
				GENERATE_INFOPLIST_FILE = YES;
				INFOPLIST_FILE = CombineCorePractice/Info.plist;
				INFOPLIST_KEY_NSLocationWhenInUseUsageDescription = "Enable Location Services";
				INFOPLIST_KEY_UIApplicationSceneManifest_Generation = YES;
				INFOPLIST_KEY_UIApplicationSupportsIndirectInputEvents = YES;
				INFOPLIST_KEY_UILaunchScreen_Generation = YES;
				INFOPLIST_KEY_UISupportedInterfaceOrientations_iPad = "UIInterfaceOrientationPortrait UIInterfaceOrientationPortraitUpsideDown UIInterfaceOrientationLandscapeLeft UIInterfaceOrientationLandscapeRight";
				INFOPLIST_KEY_UISupportedInterfaceOrientations_iPhone = "UIInterfaceOrientationPortrait UIInterfaceOrientationLandscapeLeft UIInterfaceOrientationLandscapeRight";
				LD_RUNPATH_SEARCH_PATHS = (
					"$(inherited)",
					"@executable_path/Frameworks",
				);
				MARKETING_VERSION = 1.0;
				PRODUCT_BUNDLE_IDENTIFIER = io.mooresolutions.CombineCorePractice;
				PRODUCT_NAME = "$(TARGET_NAME)";
				SWIFT_EMIT_LOC_STRINGS = YES;
				SWIFT_VERSION = 5.0;
				TARGETED_DEVICE_FAMILY = "1,2";
			};
			name = Release;
		};
/* End XCBuildConfiguration section */

/* Begin XCConfigurationList section */
		37B9653D2AB96F5D00443E61 /* Build configuration list for PBXProject "CombineCorePractice" */ = {
			isa = XCConfigurationList;
			buildConfigurations = (
				37B9654E2AB96F5E00443E61 /* Debug */,
				37B9654F2AB96F5E00443E61 /* Release */,
			);
			defaultConfigurationIsVisible = 0;
			defaultConfigurationName = Release;
		};
		37B965502AB96F5E00443E61 /* Build configuration list for PBXNativeTarget "CombineCorePractice" */ = {
			isa = XCConfigurationList;
			buildConfigurations = (
				37B965512AB96F5E00443E61 /* Debug */,
				37B965522AB96F5E00443E61 /* Release */,
			);
			defaultConfigurationIsVisible = 0;
			defaultConfigurationName = Release;
		};
/* End XCConfigurationList section */
	};
	rootObject = 37B9653A2AB96F5D00443E61 /* Project object */;
}
